
Microsoft Visual Studio Solution File, Format Version 12.00
# Visual Studio Version 17
VisualStudioVersion = 17.4.33205.214
MinimumVisualStudioVersion = 10.0.40219.1
Project("{FAE04EC0-301F-11D3-BF4B-00C04F79EFBC}") = "PathToPave", "PathToPave\PathToPave.csproj", "{C43E2DB1-78E4-4862-9AC0-24E009BCC3EF}"
EndProject
Global
	GlobalSection(SolutionConfigurationPlatforms) = preSolution
		Debug|Any CPU = Debug|Any CPU
		Release|Any CPU = Release|Any CPU
	EndGlobalSection
	GlobalSection(ProjectConfigurationPlatforms) = postSolution
		{C43E2DB1-78E4-4862-9AC0-24E009BCC3EF}.Debug|Any CPU.ActiveCfg = Debug|Any CPU
		{C43E2DB1-78E4-4862-9AC0-24E009BCC3EF}.Debug|Any CPU.Build.0 = Debug|Any CPU
		{C43E2DB1-78E4-4862-9AC0-24E009BCC3EF}.Release|Any CPU.ActiveCfg = Release|Any CPU
		{C43E2DB1-78E4-4862-9AC0-24E009BCC3EF}.Release|Any CPU.Build.0 = Release|Any CPU
	EndGlobalSection
	GlobalSection(SolutionProperties) = preSolution
		HideSolutionNode = FALSE
	EndGlobalSection
	GlobalSection(ExtensibilityGlobals) = postSolution
		SolutionGuid = {1A0631C8-4B73-4E4D-AA9D-999EAE63CB43}
	EndGlobalSection
EndGlobal
